
Microsoft Visual Studio Solution File, Format Version 12.00
# Visual Studio Express 2012 for Web
Project("{FAE04EC0-301F-11D3-BF4B-00C04F79EFBC}") = "morinreunion.com", "morinreunion.com\morinreunion.com.csproj", "{E6E2D7CC-BB2D-41B0-8A23-AD62B413EE59}"
EndProject
Project("{FAE04EC0-301F-11D3-BF4B-00C04F79EFBC}") = "EmailService", "EmailService\EmailService.csproj", "{A86EDDE6-F40B-44BF-A54B-437BC5EDE38F}"
EndProject
Project("{2150E333-8FDC-42A3-9474-1A3956D46DE8}") = ".nuget", ".nuget", "{3815FA6F-F03F-4F01-A3EE-DF6DD91F2E18}"
	ProjectSection(SolutionItems) = preProject
		.nuget\NuGet.Config = .nuget\NuGet.Config
		.nuget\NuGet.exe = .nuget\NuGet.exe
		.nuget\NuGet.targets = .nuget\NuGet.targets
	EndProjectSection
EndProject
Project("{2150E333-8FDC-42A3-9474-1A3956D46DE8}") = "Solution Items", "Solution Items", "{A68433AE-6330-4911-BFFC-CCD753D7C90E}"
	ProjectSection(SolutionItems) = preProject
		notes\2013.10.09.txt = notes\2013.10.09.txt
	EndProjectSection
EndProject
Global
	GlobalSection(SolutionConfigurationPlatforms) = preSolution
		Debug|Any CPU = Debug|Any CPU
		Release|Any CPU = Release|Any CPU
	EndGlobalSection
	GlobalSection(ProjectConfigurationPlatforms) = postSolution
		{E6E2D7CC-BB2D-41B0-8A23-AD62B413EE59}.Debug|Any CPU.ActiveCfg = Debug|Any CPU
		{E6E2D7CC-BB2D-41B0-8A23-AD62B413EE59}.Debug|Any CPU.Build.0 = Debug|Any CPU
		{E6E2D7CC-BB2D-41B0-8A23-AD62B413EE59}.Release|Any CPU.ActiveCfg = Release|Any CPU
		{E6E2D7CC-BB2D-41B0-8A23-AD62B413EE59}.Release|Any CPU.Build.0 = Release|Any CPU
		{A86EDDE6-F40B-44BF-A54B-437BC5EDE38F}.Debug|Any CPU.ActiveCfg = Debug|Any CPU
		{A86EDDE6-F40B-44BF-A54B-437BC5EDE38F}.Debug|Any CPU.Build.0 = Debug|Any CPU
		{A86EDDE6-F40B-44BF-A54B-437BC5EDE38F}.Release|Any CPU.ActiveCfg = Release|Any CPU
		{A86EDDE6-F40B-44BF-A54B-437BC5EDE38F}.Release|Any CPU.Build.0 = Release|Any CPU
	EndGlobalSection
	GlobalSection(SolutionProperties) = preSolution
		HideSolutionNode = FALSE
	EndGlobalSection
EndGlobal
